
Microsoft Visual Studio Solution File, Format Version 12.00
# Visual Studio Version 17
VisualStudioVersion = 17.9.34701.34
MinimumVisualStudioVersion = 10.0.40219.1
Project("{FAE04EC0-301F-11D3-BF4B-00C04F79EFBC}") = "Fournisseurs Reconnect", "Fournisseurs Reconnect.csproj", "{37ABF844-10B8-42C3-81B5-B602FC89A2EA}"
EndProject
Global
	GlobalSection(SolutionConfigurationPlatforms) = preSolution
		Debug|Any CPU = Debug|Any CPU
		Debug|x64 = Debug|x64
		Release|Any CPU = Release|Any CPU
		Release|x64 = Release|x64
		test|Any CPU = test|Any CPU
		test|x64 = test|x64
	EndGlobalSection
	GlobalSection(ProjectConfigurationPlatforms) = postSolution
		{37ABF844-10B8-42C3-81B5-B602FC89A2EA}.Debug|Any CPU.ActiveCfg = Debug|Any CPU
		{37ABF844-10B8-42C3-81B5-B602FC89A2EA}.Debug|Any CPU.Build.0 = Debug|Any CPU
		{37ABF844-10B8-42C3-81B5-B602FC89A2EA}.Debug|x64.ActiveCfg = Debug|x64
		{37ABF844-10B8-42C3-81B5-B602FC89A2EA}.Debug|x64.Build.0 = Debug|x64
		{37ABF844-10B8-42C3-81B5-B602FC89A2EA}.Release|Any CPU.ActiveCfg = Release|Any CPU
		{37ABF844-10B8-42C3-81B5-B602FC89A2EA}.Release|Any CPU.Build.0 = Release|Any CPU
		{37ABF844-10B8-42C3-81B5-B602FC89A2EA}.Release|x64.ActiveCfg = Release|x64
		{37ABF844-10B8-42C3-81B5-B602FC89A2EA}.Release|x64.Build.0 = Release|x64
		{37ABF844-10B8-42C3-81B5-B602FC89A2EA}.test|Any CPU.ActiveCfg = test|Any CPU
		{37ABF844-10B8-42C3-81B5-B602FC89A2EA}.test|Any CPU.Build.0 = test|Any CPU
		{37ABF844-10B8-42C3-81B5-B602FC89A2EA}.test|x64.ActiveCfg = test|x64
		{37ABF844-10B8-42C3-81B5-B602FC89A2EA}.test|x64.Build.0 = test|x64
	EndGlobalSection
	GlobalSection(SolutionProperties) = preSolution
		HideSolutionNode = FALSE
	EndGlobalSection
	GlobalSection(ExtensibilityGlobals) = postSolution
		SolutionGuid = {A715F59E-723C-45D0-806E-7E5C7F375897}
	EndGlobalSection
EndGlobal
